
Microsoft Visual Studio Solution File, Format Version 12.00
# Visual Studio Version 16
VisualStudioVersion = 16.0.32228.343
MinimumVisualStudioVersion = 10.0.40219.1
Project("{FAE04EC0-301F-11D3-BF4B-00C04F79EFBC}") = "zadanie_1", "zadanie_1\zadanie_1.csproj", "{116A8CFF-EB90-426F-92BE-C5C731BF731A}"
EndProject
Global
	GlobalSection(SolutionConfigurationPlatforms) = preSolution
		Debug|Any CPU = Debug|Any CPU
		Release|Any CPU = Release|Any CPU
	EndGlobalSection
	GlobalSection(ProjectConfigurationPlatforms) = postSolution
		{116A8CFF-EB90-426F-92BE-C5C731BF731A}.Debug|Any CPU.ActiveCfg = Debug|Any CPU
		{116A8CFF-EB90-426F-92BE-C5C731BF731A}.Debug|Any CPU.Build.0 = Debug|Any CPU
		{116A8CFF-EB90-426F-92BE-C5C731BF731A}.Release|Any CPU.ActiveCfg = Release|Any CPU
		{116A8CFF-EB90-426F-92BE-C5C731BF731A}.Release|Any CPU.Build.0 = Release|Any CPU
	EndGlobalSection
	GlobalSection(SolutionProperties) = preSolution
		HideSolutionNode = FALSE
	EndGlobalSection
	GlobalSection(ExtensibilityGlobals) = postSolution
		SolutionGuid = {D4AC9355-FD92-43CE-912A-C8906F0DBF96}
	EndGlobalSection
EndGlobal
